
Microsoft Visual Studio Solution File, Format Version 12.00
# Visual Studio Version 16
VisualStudioVersion = 16.0.32002.261
MinimumVisualStudioVersion = 10.0.40219.1
Project("{FAE04EC0-301F-11D3-BF4B-00C04F79EFBC}") = "LoginApi", "LoginApi\LoginApi.csproj", "{4F4723BB-3485-4434-834B-CDD89DA40B54}"
EndProject
Global
	GlobalSection(SolutionConfigurationPlatforms) = preSolution
		Debug|Any CPU = Debug|Any CPU
		Release|Any CPU = Release|Any CPU
	EndGlobalSection
	GlobalSection(ProjectConfigurationPlatforms) = postSolution
		{4F4723BB-3485-4434-834B-CDD89DA40B54}.Debug|Any CPU.ActiveCfg = Debug|Any CPU
		{4F4723BB-3485-4434-834B-CDD89DA40B54}.Debug|Any CPU.Build.0 = Debug|Any CPU
		{4F4723BB-3485-4434-834B-CDD89DA40B54}.Release|Any CPU.ActiveCfg = Release|Any CPU
		{4F4723BB-3485-4434-834B-CDD89DA40B54}.Release|Any CPU.Build.0 = Release|Any CPU
	EndGlobalSection
	GlobalSection(SolutionProperties) = preSolution
		HideSolutionNode = FALSE
	EndGlobalSection
	GlobalSection(ExtensibilityGlobals) = postSolution
		SolutionGuid = {3DB8EE3A-9E0F-4E06-A351-1DD9256EDB1F}
	EndGlobalSection
EndGlobal
